
Microsoft Visual Studio Solution File, Format Version 12.00
# Visual Studio Version 17
VisualStudioVersion = 17.5.002.0
MinimumVisualStudioVersion = 10.0.40219.1
Project("{2150E333-8FDC-42A3-9474-1A3956D46DE8}") = "src", "src", "{B52B5043-1CC6-4FAA-BAD3-42C206F671BD}"
EndProject
Project("{9A19103F-16F7-4668-BE54-9A1E7A4F7556}") = "MonstroBot.API", "src\MonstroBot.API\MonstroBot.API.csproj", "{3004C599-F041-42CD-9B0B-EF87E3A03087}"
EndProject
Global
	GlobalSection(SolutionConfigurationPlatforms) = preSolution
		Debug|Any CPU = Debug|Any CPU
		Release|Any CPU = Release|Any CPU
	EndGlobalSection
	GlobalSection(ProjectConfigurationPlatforms) = postSolution
		{3004C599-F041-42CD-9B0B-EF87E3A03087}.Debug|Any CPU.ActiveCfg = Debug|Any CPU
		{3004C599-F041-42CD-9B0B-EF87E3A03087}.Debug|Any CPU.Build.0 = Debug|Any CPU
		{3004C599-F041-42CD-9B0B-EF87E3A03087}.Release|Any CPU.ActiveCfg = Release|Any CPU
		{3004C599-F041-42CD-9B0B-EF87E3A03087}.Release|Any CPU.Build.0 = Release|Any CPU
	EndGlobalSection
	GlobalSection(SolutionProperties) = preSolution
		HideSolutionNode = FALSE
	EndGlobalSection
	GlobalSection(NestedProjects) = preSolution
		{3004C599-F041-42CD-9B0B-EF87E3A03087} = {B52B5043-1CC6-4FAA-BAD3-42C206F671BD}
	EndGlobalSection
	GlobalSection(ExtensibilityGlobals) = postSolution
		SolutionGuid = {9E2D15CC-6E7D-4D6E-AD92-2ABF12DF48AB}
	EndGlobalSection
EndGlobal
